// !$*UTF8*$!
{
	archiveVersion = 1;
	classes = {
	};
	objectVersion = 55;
	objects = {

/* Begin PBXBuildFile section */
		C1E37C5A2CF0E12C00EF5614 /* TodoAppApp.swift in Sources */ = {isa = PBXBuildFile; fileRef = C1E37C592CF0E12C00EF5614 /* TodoAppApp.swift */; };
		C1E37C5C2CF0E12C00EF5614 /* ContentView.swift in Sources */ = {isa = PBXBuildFile; fileRef = C1E37C5B2CF0E12C00EF5614 /* ContentView.swift */; };
		C1E37C5E2CF0E12F00EF5614 /* Assets.xcassets in Resources */ = {isa = PBXBuildFile; fileRef = C1E37C5D2CF0E12F00EF5614 /* Assets.xcassets */; };
		C1E37C612CF0E12F00EF5614 /* Preview Assets.xcassets in Resources */ = {isa = PBXBuildFile; fileRef = C1E37C602CF0E12F00EF5614 /* Preview Assets.xcassets */; };
		C1E37C632CF0E12F00EF5614 /* Persistence.swift in Sources */ = {isa = PBXBuildFile; fileRef = C1E37C622CF0E12F00EF5614 /* Persistence.swift */; };
		C1E37C662CF0E12F00EF5614 /* TodoApp.xcdatamodeld in Sources */ = {isa = PBXBuildFile; fileRef = C1E37C642CF0E12F00EF5614 /* TodoApp.xcdatamodeld */; };
		C1E37C702CF0E12F00EF5614 /* TodoAppTests.swift in Sources */ = {isa = PBXBuildFile; fileRef = C1E37C6F2CF0E12F00EF5614 /* TodoAppTests.swift */; };
		C1E37C7A2CF0E12F00EF5614 /* TodoAppUITests.swift in Sources */ = {isa = PBXBuildFile; fileRef = C1E37C792CF0E12F00EF5614 /* TodoAppUITests.swift */; };
		C1E37C7C2CF0E12F00EF5614 /* TodoAppUITestsLaunchTests.swift in Sources */ = {isa = PBXBuildFile; fileRef = C1E37C7B2CF0E12F00EF5614 /* TodoAppUITestsLaunchTests.swift */; };
/* End PBXBuildFile section */

/* Begin PBXContainerItemProxy section */
		C1E37C6C2CF0E12F00EF5614 /* PBXContainerItemProxy */ = {
			isa = PBXContainerItemProxy;
			containerPortal = C1E37C4E2CF0E12C00EF5614 /* Project object */;
			proxyType = 1;
			remoteGlobalIDString = C1E37C552CF0E12C00EF5614;
			remoteInfo = TodoApp;
		};
		C1E37C762CF0E12F00EF5614 /* PBXContainerItemProxy */ = {
			isa = PBXContainerItemProxy;
			containerPortal = C1E37C4E2CF0E12C00EF5614 /* Project object */;
			proxyType = 1;
			remoteGlobalIDString = C1E37C552CF0E12C00EF5614;
			remoteInfo = TodoApp;
		};
/* End PBXContainerItemProxy section */

/* Begin PBXFileReference section */
		C1E37C562CF0E12C00EF5614 /* TodoApp.app */ = {isa = PBXFileReference; explicitFileType = wrapper.application; includeInIndex = 0; path = TodoApp.app; sourceTree = BUILT_PRODUCTS_DIR; };
		C1E37C592CF0E12C00EF5614 /* TodoAppApp.swift */ = {isa = PBXFileReference; lastKnownFileType = sourcecode.swift; path = TodoAppApp.swift; sourceTree = "<group>"; };
		C1E37C5B2CF0E12C00EF5614 /* ContentView.swift */ = {isa = PBXFileReference; lastKnownFileType = sourcecode.swift; path = ContentView.swift; sourceTree = "<group>"; };
		C1E37C5D2CF0E12F00EF5614 /* Assets.xcassets */ = {isa = PBXFileReference; lastKnownFileType = folder.assetcatalog; path = Assets.xcassets; sourceTree = "<group>"; };
		C1E37C602CF0E12F00EF5614 /* Preview Assets.xcassets */ = {isa = PBXFileReference; lastKnownFileType = folder.assetcatalog; path = "Preview Assets.xcassets"; sourceTree = "<group>"; };
		C1E37C622CF0E12F00EF5614 /* Persistence.swift */ = {isa = PBXFileReference; lastKnownFileType = sourcecode.swift; path = Persistence.swift; sourceTree = "<group>"; };
		C1E37C652CF0E12F00EF5614 /* TodoApp.xcdatamodel */ = {isa = PBXFileReference; lastKnownFileType = wrapper.xcdatamodel; path = TodoApp.xcdatamodel; sourceTree = "<group>"; };
		C1E37C6B2CF0E12F00EF5614 /* TodoAppTests.xctest */ = {isa = PBXFileReference; explicitFileType = wrapper.cfbundle; includeInIndex = 0; path = TodoAppTests.xctest; sourceTree = BUILT_PRODUCTS_DIR; };
		C1E37C6F2CF0E12F00EF5614 /* TodoAppTests.swift */ = {isa = PBXFileReference; lastKnownFileType = sourcecode.swift; path = TodoAppTests.swift; sourceTree = "<group>"; };
		C1E37C752CF0E12F00EF5614 /* TodoAppUITests.xctest */ = {isa = PBXFileReference; explicitFileType = wrapper.cfbundle; includeInIndex = 0; path = TodoAppUITests.xctest; sourceTree = BUILT_PRODUCTS_DIR; };
		C1E37C792CF0E12F00EF5614 /* TodoAppUITests.swift */ = {isa = PBXFileReference; lastKnownFileType = sourcecode.swift; path = TodoAppUITests.swift; sourceTree = "<group>"; };
		C1E37C7B2CF0E12F00EF5614 /* TodoAppUITestsLaunchTests.swift */ = {isa = PBXFileReference; lastKnownFileType = sourcecode.swift; path = TodoAppUITestsLaunchTests.swift; sourceTree = "<group>"; };
/* End PBXFileReference section */

/* Begin PBXFrameworksBuildPhase section */
		C1E37C532CF0E12C00EF5614 /* Frameworks */ = {
			isa = PBXFrameworksBuildPhase;
			buildActionMask = 2147483647;
			files = (
			);
			runOnlyForDeploymentPostprocessing = 0;
		};
		C1E37C682CF0E12F00EF5614 /* Frameworks */ = {
			isa = PBXFrameworksBuildPhase;
			buildActionMask = 2147483647;
			files = (
			);
			runOnlyForDeploymentPostprocessing = 0;
		};
		C1E37C722CF0E12F00EF5614 /* Frameworks */ = {
			isa = PBXFrameworksBuildPhase;
			buildActionMask = 2147483647;
			files = (
			);
			runOnlyForDeploymentPostprocessing = 0;
		};
/* End PBXFrameworksBuildPhase section */

/* Begin PBXGroup section */
		C1E37C4D2CF0E12C00EF5614 = {
			isa = PBXGroup;
			children = (
				C1E37C582CF0E12C00EF5614 /* TodoApp */,
				C1E37C6E2CF0E12F00EF5614 /* TodoAppTests */,
				C1E37C782CF0E12F00EF5614 /* TodoAppUITests */,
				C1E37C572CF0E12C00EF5614 /* Products */,
			);
			sourceTree = "<group>";
		};
		C1E37C572CF0E12C00EF5614 /* Products */ = {
			isa = PBXGroup;
			children = (
				C1E37C562CF0E12C00EF5614 /* TodoApp.app */,
				C1E37C6B2CF0E12F00EF5614 /* TodoAppTests.xctest */,
				C1E37C752CF0E12F00EF5614 /* TodoAppUITests.xctest */,
			);
			name = Products;
			sourceTree = "<group>";
		};
		C1E37C582CF0E12C00EF5614 /* TodoApp */ = {
			isa = PBXGroup;
			children = (
				C1E37C592CF0E12C00EF5614 /* TodoAppApp.swift */,
				C1E37C5B2CF0E12C00EF5614 /* ContentView.swift */,
				C1E37C5D2CF0E12F00EF5614 /* Assets.xcassets */,
				C1E37C622CF0E12F00EF5614 /* Persistence.swift */,
				C1E37C642CF0E12F00EF5614 /* TodoApp.xcdatamodeld */,
				C1E37C5F2CF0E12F00EF5614 /* Preview Content */,
			);
			path = TodoApp;
			sourceTree = "<group>";
		};
		C1E37C5F2CF0E12F00EF5614 /* Preview Content */ = {
			isa = PBXGroup;
			children = (
				C1E37C602CF0E12F00EF5614 /* Preview Assets.xcassets */,
			);
			path = "Preview Content";
			sourceTree = "<group>";
		};
		C1E37C6E2CF0E12F00EF5614 /* TodoAppTests */ = {
			isa = PBXGroup;
			children = (
				C1E37C6F2CF0E12F00EF5614 /* TodoAppTests.swift */,
			);
			path = TodoAppTests;
			sourceTree = "<group>";
		};
		C1E37C782CF0E12F00EF5614 /* TodoAppUITests */ = {
			isa = PBXGroup;
			children = (
				C1E37C792CF0E12F00EF5614 /* TodoAppUITests.swift */,
				C1E37C7B2CF0E12F00EF5614 /* TodoAppUITestsLaunchTests.swift */,
			);
			path = TodoAppUITests;
			sourceTree = "<group>";
		};
/* End PBXGroup section */

/* Begin PBXNativeTarget section */
		C1E37C552CF0E12C00EF5614 /* TodoApp */ = {
			isa = PBXNativeTarget;
			buildConfigurationList = C1E37C7F2CF0E12F00EF5614 /* Build configuration list for PBXNativeTarget "TodoApp" */;
			buildPhases = (
				C1E37C522CF0E12C00EF5614 /* Sources */,
				C1E37C532CF0E12C00EF5614 /* Frameworks */,
				C1E37C542CF0E12C00EF5614 /* Resources */,
			);
			buildRules = (
			);
			dependencies = (
			);
			name = TodoApp;
			productName = TodoApp;
			productReference = C1E37C562CF0E12C00EF5614 /* TodoApp.app */;
			productType = "com.apple.product-type.application";
		};
		C1E37C6A2CF0E12F00EF5614 /* TodoAppTests */ = {
			isa = PBXNativeTarget;
			buildConfigurationList = C1E37C822CF0E12F00EF5614 /* Build configuration list for PBXNativeTarget "TodoAppTests" */;
			buildPhases = (
				C1E37C672CF0E12F00EF5614 /* Sources */,
				C1E37C682CF0E12F00EF5614 /* Frameworks */,
				C1E37C692CF0E12F00EF5614 /* Resources */,
			);
			buildRules = (
			);
			dependencies = (
				C1E37C6D2CF0E12F00EF5614 /* PBXTargetDependency */,
			);
			name = TodoAppTests;
			productName = TodoAppTests;
			productReference = C1E37C6B2CF0E12F00EF5614 /* TodoAppTests.xctest */;
			productType = "com.apple.product-type.bundle.unit-test";
		};
		C1E37C742CF0E12F00EF5614 /* TodoAppUITests */ = {
			isa = PBXNativeTarget;
			buildConfigurationList = C1E37C852CF0E12F00EF5614 /* Build configuration list for PBXNativeTarget "TodoAppUITests" */;
			buildPhases = (
				C1E37C712CF0E12F00EF5614 /* Sources */,
				C1E37C722CF0E12F00EF5614 /* Frameworks */,
				C1E37C732CF0E12F00EF5614 /* Resources */,
			);
			buildRules = (
			);
			dependencies = (
				C1E37C772CF0E12F00EF5614 /* PBXTargetDependency */,
			);
			name = TodoAppUITests;
			productName = TodoAppUITests;
			productReference = C1E37C752CF0E12F00EF5614 /* TodoAppUITests.xctest */;
			productType = "com.apple.product-type.bundle.ui-testing";
		};
/* End PBXNativeTarget section */

/* Begin PBXProject section */
		C1E37C4E2CF0E12C00EF5614 /* Project object */ = {
			isa = PBXProject;
			attributes = {
				BuildIndependentTargetsInParallel = 1;
				LastSwiftUpdateCheck = 1320;
				LastUpgradeCheck = 1320;
				TargetAttributes = {
					C1E37C552CF0E12C00EF5614 = {
						CreatedOnToolsVersion = 13.2.1;
					};
					C1E37C6A2CF0E12F00EF5614 = {
						CreatedOnToolsVersion = 13.2.1;
						TestTargetID = C1E37C552CF0E12C00EF5614;
					};
					C1E37C742CF0E12F00EF5614 = {
						CreatedOnToolsVersion = 13.2.1;
						TestTargetID = C1E37C552CF0E12C00EF5614;
					};
				};
			};
			buildConfigurationList = C1E37C512CF0E12C00EF5614 /* Build configuration list for PBXProject "TodoApp" */;
			compatibilityVersion = "Xcode 13.0";
			developmentRegion = en;
			hasScannedForEncodings = 0;
			knownRegions = (
				en,
				Base,
			);
			mainGroup = C1E37C4D2CF0E12C00EF5614;
			productRefGroup = C1E37C572CF0E12C00EF5614 /* Products */;
			projectDirPath = "";
			projectRoot = "";
			targets = (
				C1E37C552CF0E12C00EF5614 /* TodoApp */,
				C1E37C6A2CF0E12F00EF5614 /* TodoAppTests */,
				C1E37C742CF0E12F00EF5614 /* TodoAppUITests */,
			);
		};
/* End PBXProject section */

/* Begin PBXResourcesBuildPhase section */
		C1E37C542CF0E12C00EF5614 /* Resources */ = {
			isa = PBXResourcesBuildPhase;
			buildActionMask = 2147483647;
			files = (
				C1E37C612CF0E12F00EF5614 /* Preview Assets.xcassets in Resources */,
				C1E37C5E2CF0E12F00EF5614 /* Assets.xcassets in Resources */,
			);
			runOnlyForDeploymentPostprocessing = 0;
		};
		C1E37C692CF0E12F00EF5614 /* Resources */ = {
			isa = PBXResourcesBuildPhase;
			buildActionMask = 2147483647;
			files = (
			);
			runOnlyForDeploymentPostprocessing = 0;
		};
		C1E37C732CF0E12F00EF5614 /* Resources */ = {
			isa = PBXResourcesBuildPhase;
			buildActionMask = 2147483647;
			files = (
			);
			runOnlyForDeploymentPostprocessing = 0;
		};
/* End PBXResourcesBuildPhase section */

/* Begin PBXSourcesBuildPhase section */
		C1E37C522CF0E12C00EF5614 /* Sources */ = {
			isa = PBXSourcesBuildPhase;
			buildActionMask = 2147483647;
			files = (
				C1E37C632CF0E12F00EF5614 /* Persistence.swift in Sources */,
				C1E37C5C2CF0E12C00EF5614 /* ContentView.swift in Sources */,
				C1E37C5A2CF0E12C00EF5614 /* TodoAppApp.swift in Sources */,
				C1E37C662CF0E12F00EF5614 /* TodoApp.xcdatamodeld in Sources */,
			);
			runOnlyForDeploymentPostprocessing = 0;
		};
		C1E37C672CF0E12F00EF5614 /* Sources */ = {
			isa = PBXSourcesBuildPhase;
			buildActionMask = 2147483647;
			files = (
				C1E37C702CF0E12F00EF5614 /* TodoAppTests.swift in Sources */,
			);
			runOnlyForDeploymentPostprocessing = 0;
		};
		C1E37C712CF0E12F00EF5614 /* Sources */ = {
			isa = PBXSourcesBuildPhase;
			buildActionMask = 2147483647;
			files = (
				C1E37C7C2CF0E12F00EF5614 /* TodoAppUITestsLaunchTests.swift in Sources */,
				C1E37C7A2CF0E12F00EF5614 /* TodoAppUITests.swift in Sources */,
			);
			runOnlyForDeploymentPostprocessing = 0;
		};
/* End PBXSourcesBuildPhase section */

/* Begin PBXTargetDependency section */
		C1E37C6D2CF0E12F00EF5614 /* PBXTargetDependency */ = {
			isa = PBXTargetDependency;
			target = C1E37C552CF0E12C00EF5614 /* TodoApp */;
			targetProxy = C1E37C6C2CF0E12F00EF5614 /* PBXContainerItemProxy */;
		};
		C1E37C772CF0E12F00EF5614 /* PBXTargetDependency */ = {
			isa = PBXTargetDependency;
			target = C1E37C552CF0E12C00EF5614 /* TodoApp */;
			targetProxy = C1E37C762CF0E12F00EF5614 /* PBXContainerItemProxy */;
		};
/* End PBXTargetDependency section */

/* Begin XCBuildConfiguration section */
		C1E37C7D2CF0E12F00EF5614 /* Debug */ = {
			isa = XCBuildConfiguration;
			buildSettings = {
				ALWAYS_SEARCH_USER_PATHS = NO;
				CLANG_ANALYZER_NONNULL = YES;
				CLANG_ANALYZER_NUMBER_OBJECT_CONVERSION = YES_AGGRESSIVE;
				CLANG_CXX_LANGUAGE_STANDARD = "gnu++17";
				CLANG_CXX_LIBRARY = "libc++";
				CLANG_ENABLE_MODULES = YES;
				CLANG_ENABLE_OBJC_ARC = YES;
				CLANG_ENABLE_OBJC_WEAK = YES;
				CLANG_WARN_BLOCK_CAPTURE_AUTORELEASING = YES;
				CLANG_WARN_BOOL_CONVERSION = YES;
				CLANG_WARN_COMMA = YES;
				CLANG_WARN_CONSTANT_CONVERSION = YES;
				CLANG_WARN_DEPRECATED_OBJC_IMPLEMENTATIONS = YES;
				CLANG_WARN_DIRECT_OBJC_ISA_USAGE = YES_ERROR;
				CLANG_WARN_DOCUMENTATION_COMMENTS = YES;
				CLANG_WARN_EMPTY_BODY = YES;
				CLANG_WARN_ENUM_CONVERSION = YES;
				CLANG_WARN_INFINITE_RECURSION = YES;
				CLANG_WARN_INT_CONVERSION = YES;
				CLANG_WARN_NON_LITERAL_NULL_CONVERSION = YES;
				CLANG_WARN_OBJC_IMPLICIT_RETAIN_SELF = YES;
				CLANG_WARN_OBJC_LITERAL_CONVERSION = YES;
				CLANG_WARN_OBJC_ROOT_CLASS = YES_ERROR;
				CLANG_WARN_QUOTED_INCLUDE_IN_FRAMEWORK_HEADER = YES;
				CLANG_WARN_RANGE_LOOP_ANALYSIS = YES;
				CLANG_WARN_STRICT_PROTOTYPES = YES;
				CLANG_WARN_SUSPICIOUS_MOVE = YES;
				CLANG_WARN_UNGUARDED_AVAILABILITY = YES_AGGRESSIVE;
				CLANG_WARN_UNREACHABLE_CODE = YES;
				CLANG_WARN__DUPLICATE_METHOD_MATCH = YES;
				COPY_PHASE_STRIP = NO;
				DEBUG_INFORMATION_FORMAT = dwarf;
				ENABLE_STRICT_OBJC_MSGSEND = YES;
				ENABLE_TESTABILITY = YES;
				GCC_C_LANGUAGE_STANDARD = gnu11;
				GCC_DYNAMIC_NO_PIC = NO;
				GCC_NO_COMMON_BLOCKS = YES;
				GCC_OPTIMIZATION_LEVEL = 0;
				GCC_PREPROCESSOR_DEFINITIONS = (
					"DEBUG=1",
					"$(inherited)",
				);
				GCC_WARN_64_TO_32_BIT_CONVERSION = YES;
				GCC_WARN_ABOUT_RETURN_TYPE = YES_ERROR;
				GCC_WARN_UNDECLARED_SELECTOR = YES;
				GCC_WARN_UNINITIALIZED_AUTOS = YES_AGGRESSIVE;
				GCC_WARN_UNUSED_FUNCTION = YES;
				GCC_WARN_UNUSED_VARIABLE = YES;
				IPHONEOS_DEPLOYMENT_TARGET = 15.2;
				MTL_ENABLE_DEBUG_INFO = INCLUDE_SOURCE;
				MTL_FAST_MATH = YES;
				ONLY_ACTIVE_ARCH = YES;
				SDKROOT = iphoneos;
				SWIFT_ACTIVE_COMPILATION_CONDITIONS = DEBUG;
				SWIFT_OPTIMIZATION_LEVEL = "-Onone";
			};
			name = Debug;
		};
		C1E37C7E2CF0E12F00EF5614 /* Release */ = {
			isa = XCBuildConfiguration;
			buildSettings = {
				ALWAYS_SEARCH_USER_PATHS = NO;
				CLANG_ANALYZER_NONNULL = YES;
				CLANG_ANALYZER_NUMBER_OBJECT_CONVERSION = YES_AGGRESSIVE;
				CLANG_CXX_LANGUAGE_STANDARD = "gnu++17";
				CLANG_CXX_LIBRARY = "libc++";
				CLANG_ENABLE_MODULES = YES;
				CLANG_ENABLE_OBJC_ARC = YES;
				CLANG_ENABLE_OBJC_WEAK = YES;
				CLANG_WARN_BLOCK_CAPTURE_AUTORELEASING = YES;
				CLANG_WARN_BOOL_CONVERSION = YES;
				CLANG_WARN_COMMA = YES;
				CLANG_WARN_CONSTANT_CONVERSION = YES;
				CLANG_WARN_DEPRECATED_OBJC_IMPLEMENTATIONS = YES;
				CLANG_WARN_DIRECT_OBJC_ISA_USAGE = YES_ERROR;
				CLANG_WARN_DOCUMENTATION_COMMENTS = YES;
				CLANG_WARN_EMPTY_BODY = YES;
				CLANG_WARN_ENUM_CONVERSION = YES;
				CLANG_WARN_INFINITE_RECURSION = YES;
				CLANG_WARN_INT_CONVERSION = YES;
				CLANG_WARN_NON_LITERAL_NULL_CONVERSION = YES;
				CLANG_WARN_OBJC_IMPLICIT_RETAIN_SELF = YES;
				CLANG_WARN_OBJC_LITERAL_CONVERSION = YES;
				CLANG_WARN_OBJC_ROOT_CLASS = YES_ERROR;
				CLANG_WARN_QUOTED_INCLUDE_IN_FRAMEWORK_HEADER = YES;
				CLANG_WARN_RANGE_LOOP_ANALYSIS = YES;
				CLANG_WARN_STRICT_PROTOTYPES = YES;
				CLANG_WARN_SUSPICIOUS_MOVE = YES;
				CLANG_WARN_UNGUARDED_AVAILABILITY = YES_AGGRESSIVE;
				CLANG_WARN_UNREACHABLE_CODE = YES;
				CLANG_WARN__DUPLICATE_METHOD_MATCH = YES;
				COPY_PHASE_STRIP = NO;
				DEBUG_INFORMATION_FORMAT = "dwarf-with-dsym";
				ENABLE_NS_ASSERTIONS = NO;
				ENABLE_STRICT_OBJC_MSGSEND = YES;
				GCC_C_LANGUAGE_STANDARD = gnu11;
				GCC_NO_COMMON_BLOCKS = YES;
				GCC_WARN_64_TO_32_BIT_CONVERSION = YES;
				GCC_WARN_ABOUT_RETURN_TYPE = YES_ERROR;
				GCC_WARN_UNDECLARED_SELECTOR = YES;
				GCC_WARN_UNINITIALIZED_AUTOS = YES_AGGRESSIVE;
				GCC_WARN_UNUSED_FUNCTION = YES;
				GCC_WARN_UNUSED_VARIABLE = YES;
				IPHONEOS_DEPLOYMENT_TARGET = 15.2;
				MTL_ENABLE_DEBUG_INFO = NO;
				MTL_FAST_MATH = YES;
				SDKROOT = iphoneos;
				SWIFT_COMPILATION_MODE = wholemodule;
				SWIFT_OPTIMIZATION_LEVEL = "-O";
				VALIDATE_PRODUCT = YES;
			};
			name = Release;
		};
		C1E37C802CF0E12F00EF5614 /* Debug */ = {
			isa = XCBuildConfiguration;
			buildSettings = {
				ASSETCATALOG_COMPILER_APPICON_NAME = AppIcon;
				ASSETCATALOG_COMPILER_GLOBAL_ACCENT_COLOR_NAME = AccentColor;
				CODE_SIGN_STYLE = Automatic;
				CURRENT_PROJECT_VERSION = 1;
				DEVELOPMENT_ASSET_PATHS = "\"TodoApp/Preview Content\"";
				ENABLE_PREVIEWS = YES;
				GENERATE_INFOPLIST_FILE = YES;
				INFOPLIST_KEY_UIApplicationSceneManifest_Generation = YES;
				INFOPLIST_KEY_UIApplicationSupportsIndirectInputEvents = YES;
				INFOPLIST_KEY_UILaunchScreen_Generation = YES;
				INFOPLIST_KEY_UISupportedInterfaceOrientations_iPad = "UIInterfaceOrientationPortrait UIInterfaceOrientationPortraitUpsideDown UIInterfaceOrientationLandscapeLeft UIInterfaceOrientationLandscapeRight";
				INFOPLIST_KEY_UISupportedInterfaceOrientations_iPhone = "UIInterfaceOrientationPortrait UIInterfaceOrientationLandscapeLeft UIInterfaceOrientationLandscapeRight";
				LD_RUNPATH_SEARCH_PATHS = (
					"$(inherited)",
					"@executable_path/Frameworks",
				);
				MARKETING_VERSION = 1.0;
				PRODUCT_BUNDLE_IDENTIFIER = com.olcay.TodoApp;
				PRODUCT_NAME = "$(TARGET_NAME)";
				SWIFT_EMIT_LOC_STRINGS = YES;
				SWIFT_VERSION = 5.0;
				TARGETED_DEVICE_FAMILY = "1,2";
			};
			name = Debug;
		};
		C1E37C812CF0E12F00EF5614 /* Release */ = {
			isa = XCBuildConfiguration;
			buildSettings = {
				ASSETCATALOG_COMPILER_APPICON_NAME = AppIcon;
				ASSETCATALOG_COMPILER_GLOBAL_ACCENT_COLOR_NAME = AccentColor;
				CODE_SIGN_STYLE = Automatic;
				CURRENT_PROJECT_VERSION = 1;
				DEVELOPMENT_ASSET_PATHS = "\"TodoApp/Preview Content\"";
				ENABLE_PREVIEWS = YES;
				GENERATE_INFOPLIST_FILE = YES;
				INFOPLIST_KEY_UIApplicationSceneManifest_Generation = YES;
				INFOPLIST_KEY_UIApplicationSupportsIndirectInputEvents = YES;
				INFOPLIST_KEY_UILaunchScreen_Generation = YES;
				INFOPLIST_KEY_UISupportedInterfaceOrientations_iPad = "UIInterfaceOrientationPortrait UIInterfaceOrientationPortraitUpsideDown UIInterfaceOrientationLandscapeLeft UIInterfaceOrientationLandscapeRight";
				INFOPLIST_KEY_UISupportedInterfaceOrientations_iPhone = "UIInterfaceOrientationPortrait UIInterfaceOrientationLandscapeLeft UIInterfaceOrientationLandscapeRight";
				LD_RUNPATH_SEARCH_PATHS = (
					"$(inherited)",
					"@executable_path/Frameworks",
				);
				MARKETING_VERSION = 1.0;
				PRODUCT_BUNDLE_IDENTIFIER = com.olcay.TodoApp;
				PRODUCT_NAME = "$(TARGET_NAME)";
				SWIFT_EMIT_LOC_STRINGS = YES;
				SWIFT_VERSION = 5.0;
				TARGETED_DEVICE_FAMILY = "1,2";
			};
			name = Release;
		};
		C1E37C832CF0E12F00EF5614 /* Debug */ = {
			isa = XCBuildConfiguration;
			buildSettings = {
				ALWAYS_EMBED_SWIFT_STANDARD_LIBRARIES = YES;
				BUNDLE_LOADER = "$(TEST_HOST)";
				CODE_SIGN_STYLE = Automatic;
				CURRENT_PROJECT_VERSION = 1;
				GENERATE_INFOPLIST_FILE = YES;
				IPHONEOS_DEPLOYMENT_TARGET = 15.2;
				MARKETING_VERSION = 1.0;
				PRODUCT_BUNDLE_IDENTIFIER = com.olcay.TodoAppTests;
				PRODUCT_NAME = "$(TARGET_NAME)";
				SWIFT_EMIT_LOC_STRINGS = NO;
				SWIFT_VERSION = 5.0;
				TARGETED_DEVICE_FAMILY = "1,2";
				TEST_HOST = "$(BUILT_PRODUCTS_DIR)/TodoApp.app/TodoApp";
			};
			name = Debug;
		};
		C1E37C842CF0E12F00EF5614 /* Release */ = {
			isa = XCBuildConfiguration;
			buildSettings = {
				ALWAYS_EMBED_SWIFT_STANDARD_LIBRARIES = YES;
				BUNDLE_LOADER = "$(TEST_HOST)";
				CODE_SIGN_STYLE = Automatic;
				CURRENT_PROJECT_VERSION = 1;
				GENERATE_INFOPLIST_FILE = YES;
				IPHONEOS_DEPLOYMENT_TARGET = 15.2;
				MARKETING_VERSION = 1.0;
				PRODUCT_BUNDLE_IDENTIFIER = com.olcay.TodoAppTests;
				PRODUCT_NAME = "$(TARGET_NAME)";
				SWIFT_EMIT_LOC_STRINGS = NO;
				SWIFT_VERSION = 5.0;
				TARGETED_DEVICE_FAMILY = "1,2";
				TEST_HOST = "$(BUILT_PRODUCTS_DIR)/TodoApp.app/TodoApp";
			};
			name = Release;
		};
		C1E37C862CF0E12F00EF5614 /* Debug */ = {
			isa = XCBuildConfiguration;
			buildSettings = {
				ALWAYS_EMBED_SWIFT_STANDARD_LIBRARIES = YES;
				CODE_SIGN_STYLE = Automatic;
				CURRENT_PROJECT_VERSION = 1;
				GENERATE_INFOPLIST_FILE = YES;
				MARKETING_VERSION = 1.0;
				PRODUCT_BUNDLE_IDENTIFIER = com.olcay.TodoAppUITests;
				PRODUCT_NAME = "$(TARGET_NAME)";
				SWIFT_EMIT_LOC_STRINGS = NO;
				SWIFT_VERSION = 5.0;
				TARGETED_DEVICE_FAMILY = "1,2";
				TEST_TARGET_NAME = TodoApp;
			};
			name = Debug;
		};
		C1E37C872CF0E12F00EF5614 /* Release */ = {
			isa = XCBuildConfiguration;
			buildSettings = {
				ALWAYS_EMBED_SWIFT_STANDARD_LIBRARIES = YES;
				CODE_SIGN_STYLE = Automatic;
				CURRENT_PROJECT_VERSION = 1;
				GENERATE_INFOPLIST_FILE = YES;
				MARKETING_VERSION = 1.0;
				PRODUCT_BUNDLE_IDENTIFIER = com.olcay.TodoAppUITests;
				PRODUCT_NAME = "$(TARGET_NAME)";
				SWIFT_EMIT_LOC_STRINGS = NO;
				SWIFT_VERSION = 5.0;
				TARGETED_DEVICE_FAMILY = "1,2";
				TEST_TARGET_NAME = TodoApp;
			};
			name = Release;
		};
/* End XCBuildConfiguration section */

/* Begin XCConfigurationList section */
		C1E37C512CF0E12C00EF5614 /* Build configuration list for PBXProject "TodoApp" */ = {
			isa = XCConfigurationList;
			buildConfigurations = (
				C1E37C7D2CF0E12F00EF5614 /* Debug */,
				C1E37C7E2CF0E12F00EF5614 /* Release */,
			);
			defaultConfigurationIsVisible = 0;
			defaultConfigurationName = Release;
		};
		C1E37C7F2CF0E12F00EF5614 /* Build configuration list for PBXNativeTarget "TodoApp" */ = {
			isa = XCConfigurationList;
			buildConfigurations = (
				C1E37C802CF0E12F00EF5614 /* Debug */,
				C1E37C812CF0E12F00EF5614 /* Release */,
			);
			defaultConfigurationIsVisible = 0;
			defaultConfigurationName = Release;
		};
		C1E37C822CF0E12F00EF5614 /* Build configuration list for PBXNativeTarget "TodoAppTests" */ = {
			isa = XCConfigurationList;
			buildConfigurations = (
				C1E37C832CF0E12F00EF5614 /* Debug */,
				C1E37C842CF0E12F00EF5614 /* Release */,
			);
			defaultConfigurationIsVisible = 0;
			defaultConfigurationName = Release;
		};
		C1E37C852CF0E12F00EF5614 /* Build configuration list for PBXNativeTarget "TodoAppUITests" */ = {
			isa = XCConfigurationList;
			buildConfigurations = (
				C1E37C862CF0E12F00EF5614 /* Debug */,
				C1E37C872CF0E12F00EF5614 /* Release */,
			);
			defaultConfigurationIsVisible = 0;
			defaultConfigurationName = Release;
		};
/* End XCConfigurationList section */

/* Begin XCVersionGroup section */
		C1E37C642CF0E12F00EF5614 /* TodoApp.xcdatamodeld */ = {
			isa = XCVersionGroup;
			children = (
				C1E37C652CF0E12F00EF5614 /* TodoApp.xcdatamodel */,
			);
			currentVersion = C1E37C652CF0E12F00EF5614 /* TodoApp.xcdatamodel */;
			path = TodoApp.xcdatamodeld;
			sourceTree = "<group>";
			versionGroupType = wrapper.xcdatamodel;
		};
/* End XCVersionGroup section */
	};
	rootObject = C1E37C4E2CF0E12C00EF5614 /* Project object */;
}
